
Microsoft Visual Studio Solution File, Format Version 12.00
Project("{FAE04EC0-301F-11D3-BF4B-00C04F79EFBC}") = "ThreeSum", "ThreeSum\ThreeSum.csproj", "{80C20B4A-739B-409E-9032-848DA8C3EDE0}"
EndProject
Project("{FAE04EC0-301F-11D3-BF4B-00C04F79EFBC}") = "UnitTest", "UnitTest\UnitTest.csproj", "{72B23A3E-3598-4D33-B40F-773244391CAA}"
EndProject
Global
	GlobalSection(SolutionConfigurationPlatforms) = preSolution
		Debug|Any CPU = Debug|Any CPU
		Release|Any CPU = Release|Any CPU
	EndGlobalSection
	GlobalSection(ProjectConfigurationPlatforms) = postSolution
		{80C20B4A-739B-409E-9032-848DA8C3EDE0}.Debug|Any CPU.ActiveCfg = Debug|Any CPU
		{80C20B4A-739B-409E-9032-848DA8C3EDE0}.Debug|Any CPU.Build.0 = Debug|Any CPU
		{80C20B4A-739B-409E-9032-848DA8C3EDE0}.Release|Any CPU.ActiveCfg = Release|Any CPU
		{80C20B4A-739B-409E-9032-848DA8C3EDE0}.Release|Any CPU.Build.0 = Release|Any CPU
		{72B23A3E-3598-4D33-B40F-773244391CAA}.Debug|Any CPU.ActiveCfg = Debug|Any CPU
		{72B23A3E-3598-4D33-B40F-773244391CAA}.Debug|Any CPU.Build.0 = Debug|Any CPU
		{72B23A3E-3598-4D33-B40F-773244391CAA}.Release|Any CPU.ActiveCfg = Release|Any CPU
		{72B23A3E-3598-4D33-B40F-773244391CAA}.Release|Any CPU.Build.0 = Release|Any CPU
	EndGlobalSection
EndGlobal
